
Microsoft Visual Studio Solution File, Format Version 12.00
# Visual Studio Version 16
VisualStudioVersion = 16.0.29709.97
MinimumVisualStudioVersion = 10.0.40219.1
Project("{FAE04EC0-301F-11D3-BF4B-00C04F79EFBC}") = "faceapp", "faceapp\faceapp.csproj", "{69C33183-C987-49CC-A1A5-15E385D58C9F}"
EndProject
Global
	GlobalSection(SolutionConfigurationPlatforms) = preSolution
		Debug|Any CPU = Debug|Any CPU
		Release|Any CPU = Release|Any CPU
	EndGlobalSection
	GlobalSection(ProjectConfigurationPlatforms) = postSolution
		{69C33183-C987-49CC-A1A5-15E385D58C9F}.Debug|Any CPU.ActiveCfg = Debug|Any CPU
		{69C33183-C987-49CC-A1A5-15E385D58C9F}.Debug|Any CPU.Build.0 = Debug|Any CPU
		{69C33183-C987-49CC-A1A5-15E385D58C9F}.Release|Any CPU.ActiveCfg = Release|Any CPU
		{69C33183-C987-49CC-A1A5-15E385D58C9F}.Release|Any CPU.Build.0 = Release|Any CPU
	EndGlobalSection
	GlobalSection(SolutionProperties) = preSolution
		HideSolutionNode = FALSE
	EndGlobalSection
	GlobalSection(ExtensibilityGlobals) = postSolution
		SolutionGuid = {9957C2C2-1B90-441F-A1FC-B4184A622AFB}
	EndGlobalSection
EndGlobal
